
Microsoft Visual Studio Solution File, Format Version 10.00
# Visual C# Express 2008
Project("{FAE04EC0-301F-11D3-BF4B-00C04F79EFBC}") = "13 Beehive Simulator (graphics)", "13 Beehive Simulator (graphics)\13 Beehive Simulator (graphics).csproj", "{07709E8E-5567-4BB4-80E6-50390CDFB7A7}"
EndProject
Global
	GlobalSection(SolutionConfigurationPlatforms) = preSolution
		Debug|Any CPU = Debug|Any CPU
		Release|Any CPU = Release|Any CPU
	EndGlobalSection
	GlobalSection(ProjectConfigurationPlatforms) = postSolution
		{07709E8E-5567-4BB4-80E6-50390CDFB7A7}.Debug|Any CPU.ActiveCfg = Debug|Any CPU
		{07709E8E-5567-4BB4-80E6-50390CDFB7A7}.Debug|Any CPU.Build.0 = Debug|Any CPU
		{07709E8E-5567-4BB4-80E6-50390CDFB7A7}.Release|Any CPU.ActiveCfg = Release|Any CPU
		{07709E8E-5567-4BB4-80E6-50390CDFB7A7}.Release|Any CPU.Build.0 = Release|Any CPU
	EndGlobalSection
	GlobalSection(SolutionProperties) = preSolution
		HideSolutionNode = FALSE
	EndGlobalSection
EndGlobal
