
Microsoft Visual Studio Solution File, Format Version 10.00
# Visual C# Express 2008
Project("{FAE04EC0-301F-11D3-BF4B-00C04F79EFBC}") = "7 TallGuy", "7 TallGuy\7 TallGuy.csproj", "{B2075675-E171-47FD-97EE-3D4EA74A2139}"
EndProject
Global
	GlobalSection(SolutionConfigurationPlatforms) = preSolution
		Debug|Any CPU = Debug|Any CPU
		Release|Any CPU = Release|Any CPU
	EndGlobalSection
	GlobalSection(ProjectConfigurationPlatforms) = postSolution
		{B2075675-E171-47FD-97EE-3D4EA74A2139}.Debug|Any CPU.ActiveCfg = Debug|Any CPU
		{B2075675-E171-47FD-97EE-3D4EA74A2139}.Debug|Any CPU.Build.0 = Debug|Any CPU
		{B2075675-E171-47FD-97EE-3D4EA74A2139}.Release|Any CPU.ActiveCfg = Release|Any CPU
		{B2075675-E171-47FD-97EE-3D4EA74A2139}.Release|Any CPU.Build.0 = Release|Any CPU
	EndGlobalSection
	GlobalSection(SolutionProperties) = preSolution
		HideSolutionNode = FALSE
	EndGlobalSection
EndGlobal
