
Microsoft Visual Studio Solution File, Format Version 10.00
# Visual C# Express 2008
Project("{FAE04EC0-301F-11D3-BF4B-00C04F79EFBC}") = "13 Beehive Simulator (controls)", "13 Beehive Simulator (controls)\13 Beehive Simulator (controls).csproj", "{C8DC8D70-94C3-4F18-8750-052B1A9A250A}"
EndProject
Global
	GlobalSection(SolutionConfigurationPlatforms) = preSolution
		Debug|Any CPU = Debug|Any CPU
		Release|Any CPU = Release|Any CPU
	EndGlobalSection
	GlobalSection(ProjectConfigurationPlatforms) = postSolution
		{C8DC8D70-94C3-4F18-8750-052B1A9A250A}.Debug|Any CPU.ActiveCfg = Debug|Any CPU
		{C8DC8D70-94C3-4F18-8750-052B1A9A250A}.Debug|Any CPU.Build.0 = Debug|Any CPU
		{C8DC8D70-94C3-4F18-8750-052B1A9A250A}.Release|Any CPU.ActiveCfg = Release|Any CPU
		{C8DC8D70-94C3-4F18-8750-052B1A9A250A}.Release|Any CPU.Build.0 = Release|Any CPU
	EndGlobalSection
	GlobalSection(SolutionProperties) = preSolution
		HideSolutionNode = FALSE
	EndGlobalSection
EndGlobal
