
Microsoft Visual Studio Solution File, Format Version 10.00
# Visual C# Express 2008
Project("{FAE04EC0-301F-11D3-BF4B-00C04F79EFBC}") = "4 Mileage Calculator", "4 Mileage Calculator\4 Mileage Calculator.csproj", "{2D52D03C-E879-40EA-8396-53F960FB2D77}"
EndProject
Global
	GlobalSection(SolutionConfigurationPlatforms) = preSolution
		Debug|Any CPU = Debug|Any CPU
		Release|Any CPU = Release|Any CPU
	EndGlobalSection
	GlobalSection(ProjectConfigurationPlatforms) = postSolution
		{2D52D03C-E879-40EA-8396-53F960FB2D77}.Debug|Any CPU.ActiveCfg = Debug|Any CPU
		{2D52D03C-E879-40EA-8396-53F960FB2D77}.Debug|Any CPU.Build.0 = Debug|Any CPU
		{2D52D03C-E879-40EA-8396-53F960FB2D77}.Release|Any CPU.ActiveCfg = Release|Any CPU
		{2D52D03C-E879-40EA-8396-53F960FB2D77}.Release|Any CPU.Build.0 = Release|Any CPU
	EndGlobalSection
	GlobalSection(SolutionProperties) = preSolution
		HideSolutionNode = FALSE
	EndGlobalSection
EndGlobal
