
Microsoft Visual Studio Solution File, Format Version 10.00
# Visual C# Express 2008
Project("{FAE04EC0-301F-11D3-BF4B-00C04F79EFBC}") = "9 Excuse Manager", "9 Excuse Manager\9 Excuse Manager.csproj", "{CE829BD3-B904-4192-8F95-52A96A24676A}"
EndProject
Global
	GlobalSection(SolutionConfigurationPlatforms) = preSolution
		Debug|Any CPU = Debug|Any CPU
		Release|Any CPU = Release|Any CPU
	EndGlobalSection
	GlobalSection(ProjectConfigurationPlatforms) = postSolution
		{CE829BD3-B904-4192-8F95-52A96A24676A}.Debug|Any CPU.ActiveCfg = Debug|Any CPU
		{CE829BD3-B904-4192-8F95-52A96A24676A}.Debug|Any CPU.Build.0 = Debug|Any CPU
		{CE829BD3-B904-4192-8F95-52A96A24676A}.Release|Any CPU.ActiveCfg = Release|Any CPU
		{CE829BD3-B904-4192-8F95-52A96A24676A}.Release|Any CPU.Build.0 = Release|Any CPU
	EndGlobalSection
	GlobalSection(SolutionProperties) = preSolution
		HideSolutionNode = FALSE
	EndGlobalSection
EndGlobal
