
Microsoft Visual Studio Solution File, Format Version 10.00
# Visual C# Express 2008
Project("{FAE04EC0-301F-11D3-BF4B-00C04F79EFBC}") = "8 Go Fish", "8 Go Fish\8 Go Fish.csproj", "{4AE3A821-563C-4CAE-8E9C-A0F947AA7A36}"
EndProject
Global
	GlobalSection(SolutionConfigurationPlatforms) = preSolution
		Debug|Any CPU = Debug|Any CPU
		Release|Any CPU = Release|Any CPU
	EndGlobalSection
	GlobalSection(ProjectConfigurationPlatforms) = postSolution
		{4AE3A821-563C-4CAE-8E9C-A0F947AA7A36}.Debug|Any CPU.ActiveCfg = Debug|Any CPU
		{4AE3A821-563C-4CAE-8E9C-A0F947AA7A36}.Debug|Any CPU.Build.0 = Debug|Any CPU
		{4AE3A821-563C-4CAE-8E9C-A0F947AA7A36}.Release|Any CPU.ActiveCfg = Release|Any CPU
		{4AE3A821-563C-4CAE-8E9C-A0F947AA7A36}.Release|Any CPU.Build.0 = Release|Any CPU
	EndGlobalSection
	GlobalSection(SolutionProperties) = preSolution
		HideSolutionNode = FALSE
	EndGlobalSection
EndGlobal
